
Microsoft Visual Studio Solution File, Format Version 12.00
# Visual Studio 2012
Project("{FAE04EC0-301F-11D3-BF4B-00C04F79EFBC}") = "SqlEmail", "SQLEmail\SqlEmail.csproj", "{03443F8B-8092-4BE2-8497-5751D87D718E}"
EndProject
Global
	GlobalSection(SolutionConfigurationPlatforms) = preSolution
		Debug|Any CPU = Debug|Any CPU
		Release|Any CPU = Release|Any CPU
	EndGlobalSection
	GlobalSection(ProjectConfigurationPlatforms) = postSolution
		{03443F8B-8092-4BE2-8497-5751D87D718E}.Debug|Any CPU.ActiveCfg = Debug|Any CPU
		{03443F8B-8092-4BE2-8497-5751D87D718E}.Debug|Any CPU.Build.0 = Debug|Any CPU
		{03443F8B-8092-4BE2-8497-5751D87D718E}.Release|Any CPU.ActiveCfg = Release|Any CPU
		{03443F8B-8092-4BE2-8497-5751D87D718E}.Release|Any CPU.Build.0 = Release|Any CPU
	EndGlobalSection
	GlobalSection(SolutionProperties) = preSolution
		HideSolutionNode = FALSE
	EndGlobalSection
EndGlobal
